Microsoft Visual Studio Solution File, Format Version 9.00
# Visual Studio 2005
Project("{8BC9CEB8-8B4A-11D0-8D11-00A0C91BC942}") = "texttp", "texttp.vcproj", "{B2B64752-3E1D-400A-AF83-D301FB27D653}"
EndProject
Project("{8BC9CEB8-8B4A-11D0-8D11-00A0C91BC942}") = "pttest", "pttest.vcproj", "{D3A79402-ABE9-4B9C-ADF8-577963B0E259}"
EndProject
Project("{8BC9CEB8-8B4A-11D0-8D11-00A0C91BC942}") = "text-fmt", "text-fmt.vcproj", "{1C63B148-7E98-4534-B1C8-C339E01FE17E}"
EndProject
Project("{8BC9CEB8-8B4A-11D0-8D11-00A0C91BC942}") = "pluginfo", "pluginfo.vcproj", "{B51CE20F-CFDC-4988-B7AE-62BFE93E00B5}"
EndProject
Project("{8BC9CEB8-8B4A-11D0-8D11-00A0C91BC942}") = "ext-fmt", "ext-fmt.vcproj", "{7150F67D-FABB-427D-92A5-79EAB8396F8B}"
EndProject
Project("{8BC9CEB8-8B4A-11D0-8D11-00A0C91BC942}") = "cmpPart", "cmpPart.vcproj", "{CB1F9C81-0054-40F3-BCA5-979F1D6B0978}"
EndProject
Global
	GlobalSection(SolutionConfigurationPlatforms) = preSolution
		Debug|Win32 = Debug|Win32
		Release|Win32 = Release|Win32
	EndGlobalSection
	GlobalSection(ProjectConfigurationPlatforms) = postSolution
		{B2B64752-3E1D-400A-AF83-D301FB27D653}.Debug|Win32.ActiveCfg = Debug|Win32
		{B2B64752-3E1D-400A-AF83-D301FB27D653}.Debug|Win32.Build.0 = Debug|Win32
		{B2B64752-3E1D-400A-AF83-D301FB27D653}.Release|Win32.ActiveCfg = Release|Win32
		{B2B64752-3E1D-400A-AF83-D301FB27D653}.Release|Win32.Build.0 = Release|Win32
		{D3A79402-ABE9-4B9C-ADF8-577963B0E259}.Debug|Win32.ActiveCfg = Debug|Win32
		{D3A79402-ABE9-4B9C-ADF8-577963B0E259}.Debug|Win32.Build.0 = Debug|Win32
		{D3A79402-ABE9-4B9C-ADF8-577963B0E259}.Release|Win32.ActiveCfg = Release|Win32
		{D3A79402-ABE9-4B9C-ADF8-577963B0E259}.Release|Win32.Build.0 = Release|Win32
		{1C63B148-7E98-4534-B1C8-C339E01FE17E}.Debug|Win32.ActiveCfg = Debug|Win32
		{1C63B148-7E98-4534-B1C8-C339E01FE17E}.Release|Win32.ActiveCfg = Release|Win32
		{B51CE20F-CFDC-4988-B7AE-62BFE93E00B5}.Debug|Win32.ActiveCfg = Debug|Win32
		{B51CE20F-CFDC-4988-B7AE-62BFE93E00B5}.Release|Win32.ActiveCfg = Release|Win32
		{7150F67D-FABB-427D-92A5-79EAB8396F8B}.Debug|Win32.ActiveCfg = Debug|Win32
		{7150F67D-FABB-427D-92A5-79EAB8396F8B}.Release|Win32.ActiveCfg = Release|Win32
		{CB1F9C81-0054-40F3-BCA5-979F1D6B0978}.Debug|Win32.ActiveCfg = Debug|Win32
		{CB1F9C81-0054-40F3-BCA5-979F1D6B0978}.Release|Win32.ActiveCfg = Release|Win32
	EndGlobalSection
	GlobalSection(SolutionProperties) = preSolution
		HideSolutionNode = FALSE
	EndGlobalSection
EndGlobal
